// !$*UTF8*$!
{
	archiveVersion = 1;
	classes = {
	};
	objectVersion = 45;
	objects = {

/* Begin PBXBuildFile section */
		082A187312B4A6D700658237 /* CFNetwork.framework in Frameworks */ = {isa = PBXBuildFile; fileRef = 082A187212B4A6D700658237 /* CFNetwork.framework */; };
		082A187712B4A6E600658237 /* SystemConfiguration.framework in Frameworks */ = {isa = PBXBuildFile; fileRef = 082A187612B4A6E600658237 /* SystemConfiguration.framework */; };
		082A187B12B4A6F600658237 /* MobileCoreServices.framework in Frameworks */ = {isa = PBXBuildFile; fileRef = 082A187A12B4A6F600658237 /* MobileCoreServices.framework */; };
		082A187F12B4A70300658237 /* libz.1.2.3.dylib in Frameworks */ = {isa = PBXBuildFile; fileRef = 082A187E12B4A70300658237 /* libz.1.2.3.dylib */; };
		08F0E08012F1375A005E14F5 /* DDNumber.m in Sources */ = {isa = PBXBuildFile; fileRef = 08F0E06F12F1375A005E14F5 /* DDNumber.m */; };
		08F0E08112F1375A005E14F5 /* DDRange.m in Sources */ = {isa = PBXBuildFile; fileRef = 08F0E07112F1375A005E14F5 /* DDRange.m */; };
		08F0E08212F1375A005E14F5 /* DDData.m in Sources */ = {isa = PBXBuildFile; fileRef = 08F0E07312F1375A005E14F5 /* DDData.m */; };
		08F0E08312F1375A005E14F5 /* AsyncSocket.m in Sources */ = {isa = PBXBuildFile; fileRef = 08F0E07612F1375A005E14F5 /* AsyncSocket.m */; };
		08F0E08412F1375A005E14F5 /* HTTPServer.m in Sources */ = {isa = PBXBuildFile; fileRef = 08F0E07912F1375A005E14F5 /* HTTPServer.m */; };
		08F0E08512F1375A005E14F5 /* HTTPResponse.m in Sources */ = {isa = PBXBuildFile; fileRef = 08F0E07B12F1375A005E14F5 /* HTTPResponse.m */; };
		08F0E08612F1375A005E14F5 /* HTTPConnection.m in Sources */ = {isa = PBXBuildFile; fileRef = 08F0E07D12F1375A005E14F5 /* HTTPConnection.m */; };
		08F0E08712F1375A005E14F5 /* HTTPAuthenticationRequest.m in Sources */ = {isa = PBXBuildFile; fileRef = 08F0E07F12F1375A005E14F5 /* HTTPAuthenticationRequest.m */; };
		08F0E08B12F13786005E14F5 /* HTTPServerController.m in Sources */ = {isa = PBXBuildFile; fileRef = 08F0E08A12F13786005E14F5 /* HTTPServerController.m */; };
		08F0E08D12F13794005E14F5 /* HTTPServerController.xib in Resources */ = {isa = PBXBuildFile; fileRef = 08F0E08C12F13794005E14F5 /* HTTPServerController.xib */; };
		08F0E08F12F137CE005E14F5 /* upload.html in Resources */ = {isa = PBXBuildFile; fileRef = 08F0E08E12F137CE005E14F5 /* upload.html */; };
		08F0E09912F137F0005E14F5 /* MyHTTPConnection.m in Sources */ = {isa = PBXBuildFile; fileRef = 08F0E09612F137F0005E14F5 /* MyHTTPConnection.m */; };
		08F0E09A12F137F0005E14F5 /* localhostAddresses.m in Sources */ = {isa = PBXBuildFile; fileRef = 08F0E09812F137F0005E14F5 /* localhostAddresses.m */; };
		1D3623260D0F684500981E51 /* HTTPServerAppDelegate.m in Sources */ = {isa = PBXBuildFile; fileRef = 1D3623250D0F684500981E51 /* HTTPServerAppDelegate.m */; };
		1D60589B0D05DD56006BFB54 /* main.m in Sources */ = {isa = PBXBuildFile; fileRef = 29B97316FDCFA39411CA2CEA /* main.m */; };
		1D60589F0D05DD5A006BFB54 /* Foundation.framework in Frameworks */ = {isa = PBXBuildFile; fileRef = 1D30AB110D05D00D00671497 /* Foundation.framework */; };
		1DF5F4E00D08C38300B7A737 /* UIKit.framework in Frameworks */ = {isa = PBXBuildFile; fileRef = 1DF5F4DF0D08C38300B7A737 /* UIKit.framework */; };
		288765FD0DF74451002DB57D /* CoreGraphics.framework in Frameworks */ = {isa = PBXBuildFile; fileRef = 288765FC0DF74451002DB57D /* CoreGraphics.framework */; };
/* End PBXBuildFile section */

/* Begin PBXFileReference section */
		082A187212B4A6D700658237 /* CFNetwork.framework */ = {isa = PBXFileReference; lastKnownFileType = wrapper.framework; name = CFNetwork.framework; path = System/Library/Frameworks/CFNetwork.framework; sourceTree = SDKROOT; };
		082A187612B4A6E600658237 /* SystemConfiguration.framework */ = {isa = PBXFileReference; lastKnownFileType = wrapper.framework; name = SystemConfiguration.framework; path = System/Library/Frameworks/SystemConfiguration.framework; sourceTree = SDKROOT; };
		082A187A12B4A6F600658237 /* MobileCoreServices.framework */ = {isa = PBXFileReference; lastKnownFileType = wrapper.framework; name = MobileCoreServices.framework; path = System/Library/Frameworks/MobileCoreServices.framework; sourceTree = SDKROOT; };
		082A187E12B4A70300658237 /* libz.1.2.3.dylib */ = {isa = PBXFileReference; lastKnownFileType = "compiled.mach-o.dylib"; name = libz.1.2.3.dylib; path = usr/lib/libz.1.2.3.dylib; sourceTree = SDKROOT; };
		08F0E06E12F1375A005E14F5 /* DDNumber.h */ = {isa = PBXFileReference; fileEncoding = 4; lastKnownFileType = sourcecode.c.h; path = DDNumber.h; sourceTree = "<group>"; };
		08F0E06F12F1375A005E14F5 /* DDNumber.m */ = {isa = PBXFileReference; fileEncoding = 4; lastKnownFileType = sourcecode.c.objc; path = DDNumber.m; sourceTree = "<group>"; };
		08F0E07012F1375A005E14F5 /* DDRange.h */ = {isa = PBXFileReference; fileEncoding = 4; lastKnownFileType = sourcecode.c.h; path = DDRange.h; sourceTree = "<group>"; };
		08F0E07112F1375A005E14F5 /* DDRange.m */ = {isa = PBXFileReference; fileEncoding = 4; lastKnownFileType = sourcecode.c.objc; path = DDRange.m; sourceTree = "<group>"; };
		08F0E07212F1375A005E14F5 /* DDData.h */ = {isa = PBXFileReference; fileEncoding = 4; lastKnownFileType = sourcecode.c.h; path = DDData.h; sourceTree = "<group>"; };
		08F0E07312F1375A005E14F5 /* DDData.m */ = {isa = PBXFileReference; fileEncoding = 4; lastKnownFileType = sourcecode.c.objc; path = DDData.m; sourceTree = "<group>"; };
		08F0E07512F1375A005E14F5 /* AsyncSocket.h */ = {isa = PBXFileReference; fileEncoding = 4; lastKnownFileType = sourcecode.c.h; path = AsyncSocket.h; sourceTree = "<group>"; };
		08F0E07612F1375A005E14F5 /* AsyncSocket.m */ = {isa = PBXFileReference; fileEncoding = 4; lastKnownFileType = sourcecode.c.objc; path = AsyncSocket.m; sourceTree = "<group>"; };
		08F0E07812F1375A005E14F5 /* HTTPServer.h */ = {isa = PBXFileReference; fileEncoding = 4; lastKnownFileType = sourcecode.c.h; path = HTTPServer.h; sourceTree = "<group>"; };
		08F0E07912F1375A005E14F5 /* HTTPServer.m */ = {isa = PBXFileReference; fileEncoding = 4; lastKnownFileType = sourcecode.c.objc; path = HTTPServer.m; sourceTree = "<group>"; };
		08F0E07A12F1375A005E14F5 /* HTTPResponse.h */ = {isa = PBXFileReference; fileEncoding = 4; lastKnownFileType = sourcecode.c.h; path = HTTPResponse.h; sourceTree = "<group>"; };
		08F0E07B12F1375A005E14F5 /* HTTPResponse.m */ = {isa = PBXFileReference; fileEncoding = 4; lastKnownFileType = sourcecode.c.objc; path = HTTPResponse.m; sourceTree = "<group>"; };
		08F0E07C12F1375A005E14F5 /* HTTPConnection.h */ = {isa = PBXFileReference; fileEncoding = 4; lastKnownFileType = sourcecode.c.h; path = HTTPConnection.h; sourceTree = "<group>"; };
		08F0E07D12F1375A005E14F5 /* HTTPConnection.m */ = {isa = PBXFileReference; fileEncoding = 4; lastKnownFileType = sourcecode.c.objc; path = HTTPConnection.m; sourceTree = "<group>"; };
		08F0E07E12F1375A005E14F5 /* HTTPAuthenticationRequest.h */ = {isa = PBXFileReference; fileEncoding = 4; lastKnownFileType = sourcecode.c.h; path = HTTPAuthenticationRequest.h; sourceTree = "<group>"; };
		08F0E07F12F1375A005E14F5 /* HTTPAuthenticationRequest.m */ = {isa = PBXFileReference; fileEncoding = 4; lastKnownFileType = sourcecode.c.objc; path = HTTPAuthenticationRequest.m; sourceTree = "<group>"; };
		08F0E08912F13786005E14F5 /* HTTPServerController.h */ = {isa = PBXFileReference; fileEncoding = 4; lastKnownFileType = sourcecode.c.h; path = HTTPServerController.h; sourceTree = "<group>"; };
		08F0E08A12F13786005E14F5 /* HTTPServerController.m */ = {isa = PBXFileReference; fileEncoding = 4; lastKnownFileType = sourcecode.c.objc; path = HTTPServerController.m; sourceTree = "<group>"; };
		08F0E08C12F13794005E14F5 /* HTTPServerController.xib */ = {isa = PBXFileReference; lastKnownFileType = file.xib; path = HTTPServerController.xib; sourceTree = "<group>"; };
		08F0E08E12F137CE005E14F5 /* upload.html */ = {isa = PBXFileReference; fileEncoding = 4; lastKnownFileType = text.html; path = upload.html; sourceTree = "<group>"; };
		08F0E09512F137F0005E14F5 /* MyHTTPConnection.h */ = {isa = PBXFileReference; fileEncoding = 4; lastKnownFileType = sourcecode.c.h; path = MyHTTPConnection.h; sourceTree = "<group>"; };
		08F0E09612F137F0005E14F5 /* MyHTTPConnection.m */ = {isa = PBXFileReference; fileEncoding = 4; lastKnownFileType = sourcecode.c.objc; path = MyHTTPConnection.m; sourceTree = "<group>"; };
		08F0E09712F137F0005E14F5 /* localhostAddresses.h */ = {isa = PBXFileReference; fileEncoding = 4; lastKnownFileType = sourcecode.c.h; path = localhostAddresses.h; sourceTree = "<group>"; };
		08F0E09812F137F0005E14F5 /* localhostAddresses.m */ = {isa = PBXFileReference; fileEncoding = 4; lastKnownFileType = sourcecode.c.objc; path = localhostAddresses.m; sourceTree = "<group>"; };
		1D30AB110D05D00D00671497 /* Foundation.framework */ = {isa = PBXFileReference; lastKnownFileType = wrapper.framework; name = Foundation.framework; path = System/Library/Frameworks/Foundation.framework; sourceTree = SDKROOT; };
		1D3623240D0F684500981E51 /* HTTPServerAppDelegate.h */ = {isa = PBXFileReference; fileEncoding = 4; lastKnownFileType = sourcecode.c.h; path = HTTPServerAppDelegate.h; sourceTree = "<group>"; };
		1D3623250D0F684500981E51 /* HTTPServerAppDelegate.m */ = {isa = PBXFileReference; fileEncoding = 4; lastKnownFileType = sourcecode.c.objc; path = HTTPServerAppDelegate.m; sourceTree = "<group>"; };
		1D6058910D05DD3D006BFB54 /* HTTPServer.app */ = {isa = PBXFileReference; explicitFileType = wrapper.application; includeInIndex = 0; path = HTTPServer.app; sourceTree = BUILT_PRODUCTS_DIR; };
		1DF5F4DF0D08C38300B7A737 /* UIKit.framework */ = {isa = PBXFileReference; lastKnownFileType = wrapper.framework; name = UIKit.framework; path = System/Library/Frameworks/UIKit.framework; sourceTree = SDKROOT; };
		288765FC0DF74451002DB57D /* CoreGraphics.framework */ = {isa = PBXFileReference; lastKnownFileType = wrapper.framework; name = CoreGraphics.framework; path = System/Library/Frameworks/CoreGraphics.framework; sourceTree = SDKROOT; };
		29B97316FDCFA39411CA2CEA /* main.m */ = {isa = PBXFileReference; fileEncoding = 4; lastKnownFileType = sourcecode.c.objc; path = main.m; sourceTree = "<group>"; };
		32CA4F630368D1EE00C91783 /* HTTPServer_Prefix.pch */ = {isa = PBXFileReference; fileEncoding = 4; lastKnownFileType = sourcecode.c.h; path = HTTPServer_Prefix.pch; sourceTree = "<group>"; };
		8D1107310486CEB800E47090 /* HTTPServer-Info.plist */ = {isa = PBXFileReference; fileEncoding = 4; lastKnownFileType = text.plist.xml; path = "HTTPServer-Info.plist"; plistStructureDefinitionIdentifier = "com.apple.xcode.plist.structure-definition.iphone.info-plist"; sourceTree = "<group>"; };
/* End PBXFileReference section */

/* Begin PBXFrameworksBuildPhase section */
		1D60588F0D05DD3D006BFB54 /* Frameworks */ = {
			isa = PBXFrameworksBuildPhase;
			buildActionMask = 2147483647;
			files = (
				1D60589F0D05DD5A006BFB54 /* Foundation.framework in Frameworks */,
				1DF5F4E00D08C38300B7A737 /* UIKit.framework in Frameworks */,
				288765FD0DF74451002DB57D /* CoreGraphics.framework in Frameworks */,
				082A187312B4A6D700658237 /* CFNetwork.framework in Frameworks */,
				082A187712B4A6E600658237 /* SystemConfiguration.framework in Frameworks */,
				082A187B12B4A6F600658237 /* MobileCoreServices.framework in Frameworks */,
				082A187F12B4A70300658237 /* libz.1.2.3.dylib in Frameworks */,
			);
			runOnlyForDeploymentPostprocessing = 0;
		};
/* End PBXFrameworksBuildPhase section */

/* Begin PBXGroup section */
		080E96DDFE201D6D7F000001 /* Classes */ = {
			isa = PBXGroup;
			children = (
				1D3623240D0F684500981E51 /* HTTPServerAppDelegate.h */,
				1D3623250D0F684500981E51 /* HTTPServerAppDelegate.m */,
				08F0E09512F137F0005E14F5 /* MyHTTPConnection.h */,
				08F0E09612F137F0005E14F5 /* MyHTTPConnection.m */,
				08F0E09712F137F0005E14F5 /* localhostAddresses.h */,
				08F0E09812F137F0005E14F5 /* localhostAddresses.m */,
				08F0E08912F13786005E14F5 /* HTTPServerController.h */,
				08F0E08A12F13786005E14F5 /* HTTPServerController.m */,
				08F0E08C12F13794005E14F5 /* HTTPServerController.xib */,
			);
			path = Classes;
			sourceTree = "<group>";
		};
		08F0E06D12F1375A005E14F5 /* Categories */ = {
			isa = PBXGroup;
			children = (
				08F0E06E12F1375A005E14F5 /* DDNumber.h */,
				08F0E06F12F1375A005E14F5 /* DDNumber.m */,
				08F0E07012F1375A005E14F5 /* DDRange.h */,
				08F0E07112F1375A005E14F5 /* DDRange.m */,
				08F0E07212F1375A005E14F5 /* DDData.h */,
				08F0E07312F1375A005E14F5 /* DDData.m */,
			);
			name = Categories;
			sourceTree = "<group>";
		};
		08F0E07412F1375A005E14F5 /* TCP */ = {
			isa = PBXGroup;
			children = (
				08F0E07512F1375A005E14F5 /* AsyncSocket.h */,
				08F0E07612F1375A005E14F5 /* AsyncSocket.m */,
			);
			name = TCP;
			sourceTree = "<group>";
		};
		08F0E07712F1375A005E14F5 /* HTTP */ = {
			isa = PBXGroup;
			children = (
				08F0E07812F1375A005E14F5 /* HTTPServer.h */,
				08F0E07912F1375A005E14F5 /* HTTPServer.m */,
				08F0E07A12F1375A005E14F5 /* HTTPResponse.h */,
				08F0E07B12F1375A005E14F5 /* HTTPResponse.m */,
				08F0E07C12F1375A005E14F5 /* HTTPConnection.h */,
				08F0E07D12F1375A005E14F5 /* HTTPConnection.m */,
				08F0E07E12F1375A005E14F5 /* HTTPAuthenticationRequest.h */,
				08F0E07F12F1375A005E14F5 /* HTTPAuthenticationRequest.m */,
			);
			name = HTTP;
			sourceTree = "<group>";
		};
		19C28FACFE9D520D11CA2CBB /* Products */ = {
			isa = PBXGroup;
			children = (
				1D6058910D05DD3D006BFB54 /* HTTPServer.app */,
			);
			name = Products;
			sourceTree = "<group>";
		};
		29B97314FDCFA39411CA2CEA /* CustomTemplate */ = {
			isa = PBXGroup;
			children = (
				08F0E07712F1375A005E14F5 /* HTTP */,
				08F0E07412F1375A005E14F5 /* TCP */,
				08F0E06D12F1375A005E14F5 /* Categories */,
				080E96DDFE201D6D7F000001 /* Classes */,
				29B97315FDCFA39411CA2CEA /* Other Sources */,
				29B97317FDCFA39411CA2CEA /* Resources */,
				29B97323FDCFA39411CA2CEA /* Frameworks */,
				19C28FACFE9D520D11CA2CBB /* Products */,
			);
			name = CustomTemplate;
			sourceTree = "<group>";
		};
		29B97315FDCFA39411CA2CEA /* Other Sources */ = {
			isa = PBXGroup;
			children = (
				32CA4F630368D1EE00C91783 /* HTTPServer_Prefix.pch */,
				29B97316FDCFA39411CA2CEA /* main.m */,
			);
			name = "Other Sources";
			sourceTree = "<group>";
		};
		29B97317FDCFA39411CA2CEA /* Resources */ = {
			isa = PBXGroup;
			children = (
				8D1107310486CEB800E47090 /* HTTPServer-Info.plist */,
				08F0E08E12F137CE005E14F5 /* upload.html */,
			);
			name = Resources;
			sourceTree = "<group>";
		};
		29B97323FDCFA39411CA2CEA /* Frameworks */ = {
			isa = PBXGroup;
			children = (
				1DF5F4DF0D08C38300B7A737 /* UIKit.framework */,
				1D30AB110D05D00D00671497 /* Foundation.framework */,
				288765FC0DF74451002DB57D /* CoreGraphics.framework */,
				082A187212B4A6D700658237 /* CFNetwork.framework */,
				082A187612B4A6E600658237 /* SystemConfiguration.framework */,
				082A187A12B4A6F600658237 /* MobileCoreServices.framework */,
				082A187E12B4A70300658237 /* libz.1.2.3.dylib */,
			);
			name = Frameworks;
			sourceTree = "<group>";
		};
/* End PBXGroup section */

/* Begin PBXNativeTarget section */
		1D6058900D05DD3D006BFB54 /* HTTPServer */ = {
			isa = PBXNativeTarget;
			buildConfigurationList = 1D6058960D05DD3E006BFB54 /* Build configuration list for PBXNativeTarget "HTTPServer" */;
			buildPhases = (
				1D60588D0D05DD3D006BFB54 /* Resources */,
				1D60588E0D05DD3D006BFB54 /* Sources */,
				1D60588F0D05DD3D006BFB54 /* Frameworks */,
			);
			buildRules = (
			);
			dependencies = (
			);
			name = HTTPServer;
			productName = HTTPServer;
			productReference = 1D6058910D05DD3D006BFB54 /* HTTPServer.app */;
			productType = "com.apple.product-type.application";
		};
/* End PBXNativeTarget section */

/* Begin PBXProject section */
		29B97313FDCFA39411CA2CEA /* Project object */ = {
			isa = PBXProject;
			buildConfigurationList = C01FCF4E08A954540054247B /* Build configuration list for PBXProject "HTTPServer" */;
			compatibilityVersion = "Xcode 3.1";
			developmentRegion = English;
			hasScannedForEncodings = 1;
			knownRegions = (
				English,
				Japanese,
				French,
				German,
			);
			mainGroup = 29B97314FDCFA39411CA2CEA /* CustomTemplate */;
			projectDirPath = "";
			projectRoot = "";
			targets = (
				1D6058900D05DD3D006BFB54 /* HTTPServer */,
			);
		};
/* End PBXProject section */

/* Begin PBXResourcesBuildPhase section */
		1D60588D0D05DD3D006BFB54 /* Resources */ = {
			isa = PBXResourcesBuildPhase;
			buildActionMask = 2147483647;
			files = (
				08F0E08D12F13794005E14F5 /* HTTPServerController.xib in Resources */,
				08F0E08F12F137CE005E14F5 /* upload.html in Resources */,
			);
			runOnlyForDeploymentPostprocessing = 0;
		};
/* End PBXResourcesBuildPhase section */

/* Begin PBXSourcesBuildPhase section */
		1D60588E0D05DD3D006BFB54 /* Sources */ = {
			isa = PBXSourcesBuildPhase;
			buildActionMask = 2147483647;
			files = (
				1D60589B0D05DD56006BFB54 /* main.m in Sources */,
				1D3623260D0F684500981E51 /* HTTPServerAppDelegate.m in Sources */,
				08F0E08012F1375A005E14F5 /* DDNumber.m in Sources */,
				08F0E08112F1375A005E14F5 /* DDRange.m in Sources */,
				08F0E08212F1375A005E14F5 /* DDData.m in Sources */,
				08F0E08312F1375A005E14F5 /* AsyncSocket.m in Sources */,
				08F0E08412F1375A005E14F5 /* HTTPServer.m in Sources */,
				08F0E08512F1375A005E14F5 /* HTTPResponse.m in Sources */,
				08F0E08612F1375A005E14F5 /* HTTPConnection.m in Sources */,
				08F0E08712F1375A005E14F5 /* HTTPAuthenticationRequest.m in Sources */,
				08F0E08B12F13786005E14F5 /* HTTPServerController.m in Sources */,
				08F0E09912F137F0005E14F5 /* MyHTTPConnection.m in Sources */,
				08F0E09A12F137F0005E14F5 /* localhostAddresses.m in Sources */,
			);
			runOnlyForDeploymentPostprocessing = 0;
		};
/* End PBXSourcesBuildPhase section */

/* Begin XCBuildConfiguration section */
		1D6058940D05DD3E006BFB54 /* Debug */ = {
			isa = XCBuildConfiguration;
			buildSettings = {
				ALWAYS_SEARCH_USER_PATHS = NO;
				COPY_PHASE_STRIP = NO;
				GCC_DYNAMIC_NO_PIC = NO;
				GCC_OPTIMIZATION_LEVEL = 0;
				GCC_PRECOMPILE_PREFIX_HEADER = YES;
				GCC_PREFIX_HEADER = HTTPServer_Prefix.pch;
				INFOPLIST_FILE = "HTTPServer-Info.plist";
				PRODUCT_NAME = HTTPServer;
			};
			name = Debug;
		};
		1D6058950D05DD3E006BFB54 /* Release */ = {
			isa = XCBuildConfiguration;
			buildSettings = {
				ALWAYS_SEARCH_USER_PATHS = NO;
				COPY_PHASE_STRIP = YES;
				GCC_PRECOMPILE_PREFIX_HEADER = YES;
				GCC_PREFIX_HEADER = HTTPServer_Prefix.pch;
				INFOPLIST_FILE = "HTTPServer-Info.plist";
				PRODUCT_NAME = HTTPServer;
				VALIDATE_PRODUCT = YES;
			};
			name = Release;
		};
		C01FCF4F08A954540054247B /* Debug */ = {
			isa = XCBuildConfiguration;
			buildSettings = {
				ARCHS = "$(ARCHS_STANDARD_32_BIT)";
				"CODE_SIGN_IDENTITY[sdk=iphoneos*]" = "iPhone Developer";
				GCC_C_LANGUAGE_STANDARD = c99;
				GCC_PREPROCESSOR_DEFINITIONS = DEBUG;
				GCC_WARN_ABOUT_RETURN_TYPE = YES;
				GCC_WARN_UNUSED_VARIABLE = YES;
				PREBINDING = NO;
				SDKROOT = iphoneos;
			};
			name = Debug;
		};
		C01FCF5008A954540054247B /* Release */ = {
			isa = XCBuildConfiguration;
			buildSettings = {
				ARCHS = "$(ARCHS_STANDARD_32_BIT)";
				"CODE_SIGN_IDENTITY[sdk=iphoneos*]" = "iPhone Developer";
				GCC_C_LANGUAGE_STANDARD = c99;
				GCC_WARN_ABOUT_RETURN_TYPE = YES;
				GCC_WARN_UNUSED_VARIABLE = YES;
				OTHER_CFLAGS = "-DNS_BLOCK_ASSERTIONS=1";
				PREBINDING = NO;
				SDKROOT = iphoneos;
			};
			name = Release;
		};
/* End XCBuildConfiguration section */

/* Begin XCConfigurationList section */
		1D6058960D05DD3E006BFB54 /* Build configuration list for PBXNativeTarget "HTTPServer" */ = {
			isa = XCConfigurationList;
			buildConfigurations = (
				1D6058940D05DD3E006BFB54 /* Debug */,
				1D6058950D05DD3E006BFB54 /* Release */,
			);
			defaultConfigurationIsVisible = 0;
			defaultConfigurationName = Release;
		};
		C01FCF4E08A954540054247B /* Build configuration list for PBXProject "HTTPServer" */ = {
			isa = XCConfigurationList;
			buildConfigurations = (
				C01FCF4F08A954540054247B /* Debug */,
				C01FCF5008A954540054247B /* Release */,
			);
			defaultConfigurationIsVisible = 0;
			defaultConfigurationName = Release;
		};
/* End XCConfigurationList section */
	};
	rootObject = 29B97313FDCFA39411CA2CEA /* Project object */;
}
